
Microsoft Visual Studio Solution File, Format Version 12.00
# Visual Studio Version 16
VisualStudioVersion = 16.0.31321.278
MinimumVisualStudioVersion = 10.0.40219.1
Project("{FAE04EC0-301F-11D3-BF4B-00C04F79EFBC}") = "PoWebApi", "PoWebApi\PoWebApi.csproj", "{B57DFB14-BEEC-493D-A0AC-9ED78E258D4D}"
EndProject
Global
	GlobalSection(SolutionConfigurationPlatforms) = preSolution
		Debug|Any CPU = Debug|Any CPU
		Release|Any CPU = Release|Any CPU
	EndGlobalSection
	GlobalSection(ProjectConfigurationPlatforms) = postSolution
		{B57DFB14-BEEC-493D-A0AC-9ED78E258D4D}.Debug|Any CPU.ActiveCfg = Debug|Any CPU
		{B57DFB14-BEEC-493D-A0AC-9ED78E258D4D}.Debug|Any CPU.Build.0 = Debug|Any CPU
		{B57DFB14-BEEC-493D-A0AC-9ED78E258D4D}.Release|Any CPU.ActiveCfg = Release|Any CPU
		{B57DFB14-BEEC-493D-A0AC-9ED78E258D4D}.Release|Any CPU.Build.0 = Release|Any CPU
	EndGlobalSection
	GlobalSection(SolutionProperties) = preSolution
		HideSolutionNode = FALSE
	EndGlobalSection
	GlobalSection(ExtensibilityGlobals) = postSolution
		SolutionGuid = {9B42BAB9-603D-4631-838C-7277C0FCC936}
	EndGlobalSection
EndGlobal
